// !$*UTF8*$!
{
	archiveVersion = 1;
	classes = {
	};
	objectVersion = 50;
	objects = {

/* Begin PBXBuildFile section */
		CFCE60602315DFB800A332F6 /* AppDelegate.swift in Sources */ = {isa = PBXBuildFile; fileRef = CFCE605F2315DFB800A332F6 /* AppDelegate.swift */; };
		CFCE60622315DFB800A332F6 /* ViewController.swift in Sources */ = {isa = PBXBuildFile; fileRef = CFCE60612315DFB800A332F6 /* ViewController.swift */; };
		CFCE60652315DFB800A332F6 /* Main.storyboard in Resources */ = {isa = PBXBuildFile; fileRef = CFCE60632315DFB800A332F6 /* Main.storyboard */; };
		CFCE60672315DFBA00A332F6 /* Assets.xcassets in Resources */ = {isa = PBXBuildFile; fileRef = CFCE60662315DFBA00A332F6 /* Assets.xcassets */; };
		CFCE606A2315DFBA00A332F6 /* LaunchScreen.storyboard in Resources */ = {isa = PBXBuildFile; fileRef = CFCE60682315DFBA00A332F6 /* LaunchScreen.storyboard */; };
		CFCE60752315DFBA00A332F6 /* LootLoggerTests.swift in Sources */ = {isa = PBXBuildFile; fileRef = CFCE60742315DFBA00A332F6 /* LootLoggerTests.swift */; };
		CFCE60802315DFBA00A332F6 /* LootLoggerUITests.swift in Sources */ = {isa = PBXBuildFile; fileRef = CFCE607F2315DFBA00A332F6 /* LootLoggerUITests.swift */; };
/* End PBXBuildFile section */

/* Begin PBXContainerItemProxy section */
		CFCE60712315DFBA00A332F6 /* PBXContainerItemProxy */ = {
			isa = PBXContainerItemProxy;
			containerPortal = CFCE60542315DFB800A332F6 /* Project object */;
			proxyType = 1;
			remoteGlobalIDString = CFCE605B2315DFB800A332F6;
			remoteInfo = LootLogger;
		};
		CFCE607C2315DFBA00A332F6 /* PBXContainerItemProxy */ = {
			isa = PBXContainerItemProxy;
			containerPortal = CFCE60542315DFB800A332F6 /* Project object */;
			proxyType = 1;
			remoteGlobalIDString = CFCE605B2315DFB800A332F6;
			remoteInfo = LootLogger;
		};
/* End PBXContainerItemProxy section */

/* Begin PBXFileReference section */
		CFCE605C2315DFB800A332F6 /* LootLogger.app */ = {isa = PBXFileReference; explicitFileType = wrapper.application; includeInIndex = 0; path = LootLogger.app; sourceTree = BUILT_PRODUCTS_DIR; };
		CFCE605F2315DFB800A332F6 /* AppDelegate.swift */ = {isa = PBXFileReference; lastKnownFileType = sourcecode.swift; path = AppDelegate.swift; sourceTree = "<group>"; };
		CFCE60612315DFB800A332F6 /* ViewController.swift */ = {isa = PBXFileReference; lastKnownFileType = sourcecode.swift; path = ViewController.swift; sourceTree = "<group>"; };
		CFCE60642315DFB800A332F6 /* Base */ = {isa = PBXFileReference; lastKnownFileType = file.storyboard; name = Base; path = Base.lproj/Main.storyboard; sourceTree = "<group>"; };
		CFCE60662315DFBA00A332F6 /* Assets.xcassets */ = {isa = PBXFileReference; lastKnownFileType = folder.assetcatalog; path = Assets.xcassets; sourceTree = "<group>"; };
		CFCE60692315DFBA00A332F6 /* Base */ = {isa = PBXFileReference; lastKnownFileType = file.storyboard; name = Base; path = Base.lproj/LaunchScreen.storyboard; sourceTree = "<group>"; };
		CFCE606B2315DFBA00A332F6 /* Info.plist */ = {isa = PBXFileReference; lastKnownFileType = text.plist.xml; path = Info.plist; sourceTree = "<group>"; };
		CFCE60702315DFBA00A332F6 /* LootLoggerTests.xctest */ = {isa = PBXFileReference; explicitFileType = wrapper.cfbundle; includeInIndex = 0; path = LootLoggerTests.xctest; sourceTree = BUILT_PRODUCTS_DIR; };
		CFCE60742315DFBA00A332F6 /* LootLoggerTests.swift */ = {isa = PBXFileReference; lastKnownFileType = sourcecode.swift; path = LootLoggerTests.swift; sourceTree = "<group>"; };
		CFCE60762315DFBA00A332F6 /* Info.plist */ = {isa = PBXFileReference; lastKnownFileType = text.plist.xml; path = Info.plist; sourceTree = "<group>"; };
		CFCE607B2315DFBA00A332F6 /* LootLoggerUITests.xctest */ = {isa = PBXFileReference; explicitFileType = wrapper.cfbundle; includeInIndex = 0; path = LootLoggerUITests.xctest; sourceTree = BUILT_PRODUCTS_DIR; };
		CFCE607F2315DFBA00A332F6 /* LootLoggerUITests.swift */ = {isa = PBXFileReference; lastKnownFileType = sourcecode.swift; path = LootLoggerUITests.swift; sourceTree = "<group>"; };
		CFCE60812315DFBA00A332F6 /* Info.plist */ = {isa = PBXFileReference; lastKnownFileType = text.plist.xml; path = Info.plist; sourceTree = "<group>"; };
/* End PBXFileReference section */

/* Begin PBXFrameworksBuildPhase section */
		CFCE60592315DFB800A332F6 /* Frameworks */ = {
			isa = PBXFrameworksBuildPhase;
			buildActionMask = 2147483647;
			files = (
			);
			runOnlyForDeploymentPostprocessing = 0;
		};
		CFCE606D2315DFBA00A332F6 /* Frameworks */ = {
			isa = PBXFrameworksBuildPhase;
			buildActionMask = 2147483647;
			files = (
			);
			runOnlyForDeploymentPostprocessing = 0;
		};
		CFCE60782315DFBA00A332F6 /* Frameworks */ = {
			isa = PBXFrameworksBuildPhase;
			buildActionMask = 2147483647;
			files = (
			);
			runOnlyForDeploymentPostprocessing = 0;
		};
/* End PBXFrameworksBuildPhase section */

/* Begin PBXGroup section */
		CFCE60532315DFB800A332F6 = {
			isa = PBXGroup;
			children = (
				CFCE605E2315DFB800A332F6 /* LootLogger */,
				CFCE60732315DFBA00A332F6 /* LootLoggerTests */,
				CFCE607E2315DFBA00A332F6 /* LootLoggerUITests */,
				CFCE605D2315DFB800A332F6 /* Products */,
			);
			sourceTree = "<group>";
		};
		CFCE605D2315DFB800A332F6 /* Products */ = {
			isa = PBXGroup;
			children = (
				CFCE605C2315DFB800A332F6 /* LootLogger.app */,
				CFCE60702315DFBA00A332F6 /* LootLoggerTests.xctest */,
				CFCE607B2315DFBA00A332F6 /* LootLoggerUITests.xctest */,
			);
			name = Products;
			sourceTree = "<group>";
		};
		CFCE605E2315DFB800A332F6 /* LootLogger */ = {
			isa = PBXGroup;
			children = (
				CFCE605F2315DFB800A332F6 /* AppDelegate.swift */,
				CFCE60612315DFB800A332F6 /* ViewController.swift */,
				CFCE60632315DFB800A332F6 /* Main.storyboard */,
				CFCE60662315DFBA00A332F6 /* Assets.xcassets */,
				CFCE60682315DFBA00A332F6 /* LaunchScreen.storyboard */,
				CFCE606B2315DFBA00A332F6 /* Info.plist */,
			);
			path = LootLogger;
			sourceTree = "<group>";
		};
		CFCE60732315DFBA00A332F6 /* LootLoggerTests */ = {
			isa = PBXGroup;
			children = (
				CFCE60742315DFBA00A332F6 /* LootLoggerTests.swift */,
				CFCE60762315DFBA00A332F6 /* Info.plist */,
			);
			path = LootLoggerTests;
			sourceTree = "<group>";
		};
		CFCE607E2315DFBA00A332F6 /* LootLoggerUITests */ = {
			isa = PBXGroup;
			children = (
				CFCE607F2315DFBA00A332F6 /* LootLoggerUITests.swift */,
				CFCE60812315DFBA00A332F6 /* Info.plist */,
			);
			path = LootLoggerUITests;
			sourceTree = "<group>";
		};
/* End PBXGroup section */

/* Begin PBXNativeTarget section */
		CFCE605B2315DFB800A332F6 /* LootLogger */ = {
			isa = PBXNativeTarget;
			buildConfigurationList = CFCE60842315DFBA00A332F6 /* Build configuration list for PBXNativeTarget "LootLogger" */;
			buildPhases = (
				CFCE60582315DFB800A332F6 /* Sources */,
				CFCE60592315DFB800A332F6 /* Frameworks */,
				CFCE605A2315DFB800A332F6 /* Resources */,
			);
			buildRules = (
			);
			dependencies = (
			);
			name = LootLogger;
			productName = LootLogger;
			productReference = CFCE605C2315DFB800A332F6 /* LootLogger.app */;
			productType = "com.apple.product-type.application";
		};
		CFCE606F2315DFBA00A332F6 /* LootLoggerTests */ = {
			isa = PBXNativeTarget;
			buildConfigurationList = CFCE60872315DFBA00A332F6 /* Build configuration list for PBXNativeTarget "LootLoggerTests" */;
			buildPhases = (
				CFCE606C2315DFBA00A332F6 /* Sources */,
				CFCE606D2315DFBA00A332F6 /* Frameworks */,
				CFCE606E2315DFBA00A332F6 /* Resources */,
			);
			buildRules = (
			);
			dependencies = (
				CFCE60722315DFBA00A332F6 /* PBXTargetDependency */,
			);
			name = LootLoggerTests;
			productName = LootLoggerTests;
			productReference = CFCE60702315DFBA00A332F6 /* LootLoggerTests.xctest */;
			productType = "com.apple.product-type.bundle.unit-test";
		};
		CFCE607A2315DFBA00A332F6 /* LootLoggerUITests */ = {
			isa = PBXNativeTarget;
			buildConfigurationList = CFCE608A2315DFBA00A332F6 /* Build configuration list for PBXNativeTarget "LootLoggerUITests" */;
			buildPhases = (
				CFCE60772315DFBA00A332F6 /* Sources */,
				CFCE60782315DFBA00A332F6 /* Frameworks */,
				CFCE60792315DFBA00A332F6 /* Resources */,
			);
			buildRules = (
			);
			dependencies = (
				CFCE607D2315DFBA00A332F6 /* PBXTargetDependency */,
			);
			name = LootLoggerUITests;
			productName = LootLoggerUITests;
			productReference = CFCE607B2315DFBA00A332F6 /* LootLoggerUITests.xctest */;
			productType = "com.apple.product-type.bundle.ui-testing";
		};
/* End PBXNativeTarget section */

/* Begin PBXProject section */
		CFCE60542315DFB800A332F6 /* Project object */ = {
			isa = PBXProject;
			attributes = {
				LastSwiftUpdateCheck = 1030;
				LastUpgradeCheck = 1030;
				ORGANIZATIONNAME = "Chung, Crystal";
				TargetAttributes = {
					CFCE605B2315DFB800A332F6 = {
						CreatedOnToolsVersion = 10.3;
					};
					CFCE606F2315DFBA00A332F6 = {
						CreatedOnToolsVersion = 10.3;
						TestTargetID = CFCE605B2315DFB800A332F6;
					};
					CFCE607A2315DFBA00A332F6 = {
						CreatedOnToolsVersion = 10.3;
						TestTargetID = CFCE605B2315DFB800A332F6;
					};
				};
			};
			buildConfigurationList = CFCE60572315DFB800A332F6 /* Build configuration list for PBXProject "LootLogger" */;
			compatibilityVersion = "Xcode 9.3";
			developmentRegion = en;
			hasScannedForEncodings = 0;
			knownRegions = (
				en,
				Base,
			);
			mainGroup = CFCE60532315DFB800A332F6;
			productRefGroup = CFCE605D2315DFB800A332F6 /* Products */;
			projectDirPath = "";
			projectRoot = "";
			targets = (
				CFCE605B2315DFB800A332F6 /* LootLogger */,
				CFCE606F2315DFBA00A332F6 /* LootLoggerTests */,
				CFCE607A2315DFBA00A332F6 /* LootLoggerUITests */,
			);
		};
/* End PBXProject section */

/* Begin PBXResourcesBuildPhase section */
		CFCE605A2315DFB800A332F6 /* Resources */ = {
			isa = PBXResourcesBuildPhase;
			buildActionMask = 2147483647;
			files = (
				CFCE606A2315DFBA00A332F6 /* LaunchScreen.storyboard in Resources */,
				CFCE60672315DFBA00A332F6 /* Assets.xcassets in Resources */,
				CFCE60652315DFB800A332F6 /* Main.storyboard in Resources */,
			);
			runOnlyForDeploymentPostprocessing = 0;
		};
		CFCE606E2315DFBA00A332F6 /* Resources */ = {
			isa = PBXResourcesBuildPhase;
			buildActionMask = 2147483647;
			files = (
			);
			runOnlyForDeploymentPostprocessing = 0;
		};
		CFCE60792315DFBA00A332F6 /* Resources */ = {
			isa = PBXResourcesBuildPhase;
			buildActionMask = 2147483647;
			files = (
			);
			runOnlyForDeploymentPostprocessing = 0;
		};
/* End PBXResourcesBuildPhase section */

/* Begin PBXSourcesBuildPhase section */
		CFCE60582315DFB800A332F6 /* Sources */ = {
			isa = PBXSourcesBuildPhase;
			buildActionMask = 2147483647;
			files = (
				CFCE60622315DFB800A332F6 /* ViewController.swift in Sources */,
				CFCE60602315DFB800A332F6 /* AppDelegate.swift in Sources */,
			);
			runOnlyForDeploymentPostprocessing = 0;
		};
		CFCE606C2315DFBA00A332F6 /* Sources */ = {
			isa = PBXSourcesBuildPhase;
			buildActionMask = 2147483647;
			files = (
				CFCE60752315DFBA00A332F6 /* LootLoggerTests.swift in Sources */,
			);
			runOnlyForDeploymentPostprocessing = 0;
		};
		CFCE60772315DFBA00A332F6 /* Sources */ = {
			isa = PBXSourcesBuildPhase;
			buildActionMask = 2147483647;
			files = (
				CFCE60802315DFBA00A332F6 /* LootLoggerUITests.swift in Sources */,
			);
			runOnlyForDeploymentPostprocessing = 0;
		};
/* End PBXSourcesBuildPhase section */

/* Begin PBXTargetDependency section */
		CFCE60722315DFBA00A332F6 /* PBXTargetDependency */ = {
			isa = PBXTargetDependency;
			target = CFCE605B2315DFB800A332F6 /* LootLogger */;
			targetProxy = CFCE60712315DFBA00A332F6 /* PBXContainerItemProxy */;
		};
		CFCE607D2315DFBA00A332F6 /* PBXTargetDependency */ = {
			isa = PBXTargetDependency;
			target = CFCE605B2315DFB800A332F6 /* LootLogger */;
			targetProxy = CFCE607C2315DFBA00A332F6 /* PBXContainerItemProxy */;
		};
/* End PBXTargetDependency section */

/* Begin PBXVariantGroup section */
		CFCE60632315DFB800A332F6 /* Main.storyboard */ = {
			isa = PBXVariantGroup;
			children = (
				CFCE60642315DFB800A332F6 /* Base */,
			);
			name = Main.storyboard;
			sourceTree = "<group>";
		};
		CFCE60682315DFBA00A332F6 /* LaunchScreen.storyboard */ = {
			isa = PBXVariantGroup;
			children = (
				CFCE60692315DFBA00A332F6 /* Base */,
			);
			name = LaunchScreen.storyboard;
			sourceTree = "<group>";
		};
/* End PBXVariantGroup section */

/* Begin XCBuildConfiguration section */
		CFCE60822315DFBA00A332F6 /* Debug */ = {
			isa = XCBuildConfiguration;
			buildSettings = {
				ALWAYS_SEARCH_USER_PATHS = NO;
				CLANG_ANALYZER_NONNULL = YES;
				CLANG_ANALYZER_NUMBER_OBJECT_CONVERSION = YES_AGGRESSIVE;
				CLANG_CXX_LANGUAGE_STANDARD = "gnu++14";
				CLANG_CXX_LIBRARY = "libc++";
				CLANG_ENABLE_MODULES = YES;
				CLANG_ENABLE_OBJC_ARC = YES;
				CLANG_ENABLE_OBJC_WEAK = YES;
				CLANG_WARN_BLOCK_CAPTURE_AUTORELEASING = YES;
				CLANG_WARN_BOOL_CONVERSION = YES;
				CLANG_WARN_COMMA = YES;
				CLANG_WARN_CONSTANT_CONVERSION = YES;
				CLANG_WARN_DEPRECATED_OBJC_IMPLEMENTATIONS = YES;
				CLANG_WARN_DIRECT_OBJC_ISA_USAGE = YES_ERROR;
				CLANG_WARN_DOCUMENTATION_COMMENTS = YES;
				CLANG_WARN_EMPTY_BODY = YES;
				CLANG_WARN_ENUM_CONVERSION = YES;
				CLANG_WARN_INFINITE_RECURSION = YES;
				CLANG_WARN_INT_CONVERSION = YES;
				CLANG_WARN_NON_LITERAL_NULL_CONVERSION = YES;
				CLANG_WARN_OBJC_IMPLICIT_RETAIN_SELF = YES;
				CLANG_WARN_OBJC_LITERAL_CONVERSION = YES;
				CLANG_WARN_OBJC_ROOT_CLASS = YES_ERROR;
				CLANG_WARN_RANGE_LOOP_ANALYSIS = YES;
				CLANG_WARN_STRICT_PROTOTYPES = YES;
				CLANG_WARN_SUSPICIOUS_MOVE = YES;
				CLANG_WARN_UNGUARDED_AVAILABILITY = YES_AGGRESSIVE;
				CLANG_WARN_UNREACHABLE_CODE = YES;
				CLANG_WARN__DUPLICATE_METHOD_MATCH = YES;
				CODE_SIGN_IDENTITY = "iPhone Developer";
				COPY_PHASE_STRIP = NO;
				DEBUG_INFORMATION_FORMAT = dwarf;
				ENABLE_STRICT_OBJC_MSGSEND = YES;
				ENABLE_TESTABILITY = YES;
				GCC_C_LANGUAGE_STANDARD = gnu11;
				GCC_DYNAMIC_NO_PIC = NO;
				GCC_NO_COMMON_BLOCKS = YES;
				GCC_OPTIMIZATION_LEVEL = 0;
				GCC_PREPROCESSOR_DEFINITIONS = (
					"DEBUG=1",
					"$(inherited)",
				);
				GCC_WARN_64_TO_32_BIT_CONVERSION = YES;
				GCC_WARN_ABOUT_RETURN_TYPE = YES_ERROR;
				GCC_WARN_UNDECLARED_SELECTOR = YES;
				GCC_WARN_UNINITIALIZED_AUTOS = YES_AGGRESSIVE;
				GCC_WARN_UNUSED_FUNCTION = YES;
				GCC_WARN_UNUSED_VARIABLE = YES;
				IPHONEOS_DEPLOYMENT_TARGET = 12.4;
				MTL_ENABLE_DEBUG_INFO = INCLUDE_SOURCE;
				MTL_FAST_MATH = YES;
				ONLY_ACTIVE_ARCH = YES;
				SDKROOT = iphoneos;
				SWIFT_ACTIVE_COMPILATION_CONDITIONS = DEBUG;
				SWIFT_OPTIMIZATION_LEVEL = "-Onone";
			};
			name = Debug;
		};
		CFCE60832315DFBA00A332F6 /* Release */ = {
			isa = XCBuildConfiguration;
			buildSettings = {
				ALWAYS_SEARCH_USER_PATHS = NO;
				CLANG_ANALYZER_NONNULL = YES;
				CLANG_ANALYZER_NUMBER_OBJECT_CONVERSION = YES_AGGRESSIVE;
				CLANG_CXX_LANGUAGE_STANDARD = "gnu++14";
				CLANG_CXX_LIBRARY = "libc++";
				CLANG_ENABLE_MODULES = YES;
				CLANG_ENABLE_OBJC_ARC = YES;
				CLANG_ENABLE_OBJC_WEAK = YES;
				CLANG_WARN_BLOCK_CAPTURE_AUTORELEASING = YES;
				CLANG_WARN_BOOL_CONVERSION = YES;
				CLANG_WARN_COMMA = YES;
				CLANG_WARN_CONSTANT_CONVERSION = YES;
				CLANG_WARN_DEPRECATED_OBJC_IMPLEMENTATIONS = YES;
				CLANG_WARN_DIRECT_OBJC_ISA_USAGE = YES_ERROR;
				CLANG_WARN_DOCUMENTATION_COMMENTS = YES;
				CLANG_WARN_EMPTY_BODY = YES;
				CLANG_WARN_ENUM_CONVERSION = YES;
				CLANG_WARN_INFINITE_RECURSION = YES;
				CLANG_WARN_INT_CONVERSION = YES;
				CLANG_WARN_NON_LITERAL_NULL_CONVERSION = YES;
				CLANG_WARN_OBJC_IMPLICIT_RETAIN_SELF = YES;
				CLANG_WARN_OBJC_LITERAL_CONVERSION = YES;
				CLANG_WARN_OBJC_ROOT_CLASS = YES_ERROR;
				CLANG_WARN_RANGE_LOOP_ANALYSIS = YES;
				CLANG_WARN_STRICT_PROTOTYPES = YES;
				CLANG_WARN_SUSPICIOUS_MOVE = YES;
				CLANG_WARN_UNGUARDED_AVAILABILITY = YES_AGGRESSIVE;
				CLANG_WARN_UNREACHABLE_CODE = YES;
				CLANG_WARN__DUPLICATE_METHOD_MATCH = YES;
				CODE_SIGN_IDENTITY = "iPhone Developer";
				COPY_PHASE_STRIP = NO;
				DEBUG_INFORMATION_FORMAT = "dwarf-with-dsym";
				ENABLE_NS_ASSERTIONS = NO;
				ENABLE_STRICT_OBJC_MSGSEND = YES;
				GCC_C_LANGUAGE_STANDARD = gnu11;
				GCC_NO_COMMON_BLOCKS = YES;
				GCC_WARN_64_TO_32_BIT_CONVERSION = YES;
				GCC_WARN_ABOUT_RETURN_TYPE = YES_ERROR;
				GCC_WARN_UNDECLARED_SELECTOR = YES;
				GCC_WARN_UNINITIALIZED_AUTOS = YES_AGGRESSIVE;
				GCC_WARN_UNUSED_FUNCTION = YES;
				GCC_WARN_UNUSED_VARIABLE = YES;
				IPHONEOS_DEPLOYMENT_TARGET = 12.4;
				MTL_ENABLE_DEBUG_INFO = NO;
				MTL_FAST_MATH = YES;
				SDKROOT = iphoneos;
				SWIFT_COMPILATION_MODE = wholemodule;
				SWIFT_OPTIMIZATION_LEVEL = "-O";
				VALIDATE_PRODUCT = YES;
			};
			name = Release;
		};
		CFCE60852315DFBA00A332F6 /* Debug */ = {
			isa = XCBuildConfiguration;
			buildSettings = {
				ASSETCATALOG_COMPILER_APPICON_NAME = AppIcon;
				CODE_SIGN_STYLE = Automatic;
				INFOPLIST_FILE = LootLogger/Info.plist;
				LD_RUNPATH_SEARCH_PATHS = (
					"$(inherited)",
					"@executable_path/Frameworks",
				);
				PRODUCT_BUNDLE_IDENTIFIER = com.example.LootLogger;
				PRODUCT_NAME = "$(TARGET_NAME)";
				SWIFT_VERSION = 5.0;
				TARGETED_DEVICE_FAMILY = "1,2";
			};
			name = Debug;
		};
		CFCE60862315DFBA00A332F6 /* Release */ = {
			isa = XCBuildConfiguration;
			buildSettings = {
				ASSETCATALOG_COMPILER_APPICON_NAME = AppIcon;
				CODE_SIGN_STYLE = Automatic;
				INFOPLIST_FILE = LootLogger/Info.plist;
				LD_RUNPATH_SEARCH_PATHS = (
					"$(inherited)",
					"@executable_path/Frameworks",
				);
				PRODUCT_BUNDLE_IDENTIFIER = com.example.LootLogger;
				PRODUCT_NAME = "$(TARGET_NAME)";
				SWIFT_VERSION = 5.0;
				TARGETED_DEVICE_FAMILY = "1,2";
			};
			name = Release;
		};
		CFCE60882315DFBA00A332F6 /* Debug */ = {
			isa = XCBuildConfiguration;
			buildSettings = {
				ALWAYS_EMBED_SWIFT_STANDARD_LIBRARIES = YES;
				BUNDLE_LOADER = "$(TEST_HOST)";
				CODE_SIGN_STYLE = Automatic;
				INFOPLIST_FILE = LootLoggerTests/Info.plist;
				LD_RUNPATH_SEARCH_PATHS = (
					"$(inherited)",
					"@executable_path/Frameworks",
					"@loader_path/Frameworks",
				);
				PRODUCT_BUNDLE_IDENTIFIER = com.example.LootLoggerTests;
				PRODUCT_NAME = "$(TARGET_NAME)";
				SWIFT_VERSION = 5.0;
				TARGETED_DEVICE_FAMILY = "1,2";
				TEST_HOST = "$(BUILT_PRODUCTS_DIR)/LootLogger.app/LootLogger";
			};
			name = Debug;
		};
		CFCE60892315DFBA00A332F6 /* Release */ = {
			isa = XCBuildConfiguration;
			buildSettings = {
				ALWAYS_EMBED_SWIFT_STANDARD_LIBRARIES = YES;
				BUNDLE_LOADER = "$(TEST_HOST)";
				CODE_SIGN_STYLE = Automatic;
				INFOPLIST_FILE = LootLoggerTests/Info.plist;
				LD_RUNPATH_SEARCH_PATHS = (
					"$(inherited)",
					"@executable_path/Frameworks",
					"@loader_path/Frameworks",
				);
				PRODUCT_BUNDLE_IDENTIFIER = com.example.LootLoggerTests;
				PRODUCT_NAME = "$(TARGET_NAME)";
				SWIFT_VERSION = 5.0;
				TARGETED_DEVICE_FAMILY = "1,2";
				TEST_HOST = "$(BUILT_PRODUCTS_DIR)/LootLogger.app/LootLogger";
			};
			name = Release;
		};
		CFCE608B2315DFBA00A332F6 /* Debug */ = {
			isa = XCBuildConfiguration;
			buildSettings = {
				ALWAYS_EMBED_SWIFT_STANDARD_LIBRARIES = YES;
				CODE_SIGN_STYLE = Automatic;
				INFOPLIST_FILE = LootLoggerUITests/Info.plist;
				LD_RUNPATH_SEARCH_PATHS = (
					"$(inherited)",
					"@executable_path/Frameworks",
					"@loader_path/Frameworks",
				);
				PRODUCT_BUNDLE_IDENTIFIER = com.example.LootLoggerUITests;
				PRODUCT_NAME = "$(TARGET_NAME)";
				SWIFT_VERSION = 5.0;
				TARGETED_DEVICE_FAMILY = "1,2";
				TEST_TARGET_NAME = LootLogger;
			};
			name = Debug;
		};
		CFCE608C2315DFBA00A332F6 /* Release */ = {
			isa = XCBuildConfiguration;
			buildSettings = {
				ALWAYS_EMBED_SWIFT_STANDARD_LIBRARIES = YES;
				CODE_SIGN_STYLE = Automatic;
				INFOPLIST_FILE = LootLoggerUITests/Info.plist;
				LD_RUNPATH_SEARCH_PATHS = (
					"$(inherited)",
					"@executable_path/Frameworks",
					"@loader_path/Frameworks",
				);
				PRODUCT_BUNDLE_IDENTIFIER = com.example.LootLoggerUITests;
				PRODUCT_NAME = "$(TARGET_NAME)";
				SWIFT_VERSION = 5.0;
				TARGETED_DEVICE_FAMILY = "1,2";
				TEST_TARGET_NAME = LootLogger;
			};
			name = Release;
		};
/* End XCBuildConfiguration section */

/* Begin XCConfigurationList section */
		CFCE60572315DFB800A332F6 /* Build configuration list for PBXProject "LootLogger" */ = {
			isa = XCConfigurationList;
			buildConfigurations = (
				CFCE60822315DFBA00A332F6 /* Debug */,
				CFCE60832315DFBA00A332F6 /* Release */,
			);
			defaultConfigurationIsVisible = 0;
			defaultConfigurationName = Release;
		};
		CFCE60842315DFBA00A332F6 /* Build configuration list for PBXNativeTarget "LootLogger" */ = {
			isa = XCConfigurationList;
			buildConfigurations = (
				CFCE60852315DFBA00A332F6 /* Debug */,
				CFCE60862315DFBA00A332F6 /* Release */,
			);
			defaultConfigurationIsVisible = 0;
			defaultConfigurationName = Release;
		};
		CFCE60872315DFBA00A332F6 /* Build configuration list for PBXNativeTarget "LootLoggerTests" */ = {
			isa = XCConfigurationList;
			buildConfigurations = (
				CFCE60882315DFBA00A332F6 /* Debug */,
				CFCE60892315DFBA00A332F6 /* Release */,
			);
			defaultConfigurationIsVisible = 0;
			defaultConfigurationName = Release;
		};
		CFCE608A2315DFBA00A332F6 /* Build configuration list for PBXNativeTarget "LootLoggerUITests" */ = {
			isa = XCConfigurationList;
			buildConfigurations = (
				CFCE608B2315DFBA00A332F6 /* Debug */,
				CFCE608C2315DFBA00A332F6 /* Release */,
			);
			defaultConfigurationIsVisible = 0;
			defaultConfigurationName = Release;
		};
/* End XCConfigurationList section */
	};
	rootObject = CFCE60542315DFB800A332F6 /* Project object */;
}
